
Microsoft Visual Studio Solution File, Format Version 12.00
Project("{FAE04EC0-301F-11D3-BF4B-00C04F79EFBC}") = "AbstractClasses", "AbstractClasses\AbstractClasses.csproj", "{D1A86F14-3075-455A-9C7E-E7915223DBA4}"
EndProject
Global
	GlobalSection(SolutionConfigurationPlatforms) = preSolution
		Debug|Any CPU = Debug|Any CPU
		Release|Any CPU = Release|Any CPU
	EndGlobalSection
	GlobalSection(ProjectConfigurationPlatforms) = postSolution
		{D1A86F14-3075-455A-9C7E-E7915223DBA4}.Debug|Any CPU.ActiveCfg = Debug|Any CPU
		{D1A86F14-3075-455A-9C7E-E7915223DBA4}.Debug|Any CPU.Build.0 = Debug|Any CPU
		{D1A86F14-3075-455A-9C7E-E7915223DBA4}.Release|Any CPU.ActiveCfg = Release|Any CPU
		{D1A86F14-3075-455A-9C7E-E7915223DBA4}.Release|Any CPU.Build.0 = Release|Any CPU
	EndGlobalSection
EndGlobal
